
Microsoft Visual Studio Solution File, Format Version 12.00
# Visual Studio 2012
Project("{FAE04EC0-301F-11D3-BF4B-00C04F79EFBC}") = "MathEditor.Web", "MathEditor.Web\MathEditor.Web.csproj", "{D555966A-35BF-46C2-9319-2422BD0C2089}"
EndProject
Project("{FAE04EC0-301F-11D3-BF4B-00C04F79EFBC}") = "MathEditor.Library", "MathEditor.Library\MathEditor.Library.csproj", "{0D1AC08D-3C87-4247-A87C-CDA19D2DDDE8}"
EndProject
Global
	GlobalSection(SolutionConfigurationPlatforms) = preSolution
		Debug|Any CPU = Debug|Any CPU
		Release|Any CPU = Release|Any CPU
	EndGlobalSection
	GlobalSection(ProjectConfigurationPlatforms) = postSolution
		{D555966A-35BF-46C2-9319-2422BD0C2089}.Debug|Any CPU.ActiveCfg = Debug|Any CPU
		{D555966A-35BF-46C2-9319-2422BD0C2089}.Debug|Any CPU.Build.0 = Debug|Any CPU
		{D555966A-35BF-46C2-9319-2422BD0C2089}.Release|Any CPU.ActiveCfg = Release|Any CPU
		{D555966A-35BF-46C2-9319-2422BD0C2089}.Release|Any CPU.Build.0 = Release|Any CPU
		{0D1AC08D-3C87-4247-A87C-CDA19D2DDDE8}.Debug|Any CPU.ActiveCfg = Debug|Any CPU
		{0D1AC08D-3C87-4247-A87C-CDA19D2DDDE8}.Debug|Any CPU.Build.0 = Debug|Any CPU
		{0D1AC08D-3C87-4247-A87C-CDA19D2DDDE8}.Release|Any CPU.ActiveCfg = Release|Any CPU
		{0D1AC08D-3C87-4247-A87C-CDA19D2DDDE8}.Release|Any CPU.Build.0 = Release|Any CPU
	EndGlobalSection
	GlobalSection(SolutionProperties) = preSolution
		HideSolutionNode = FALSE
	EndGlobalSection
EndGlobal
